// !$*UTF8*$!
{
	archiveVersion = 1;
	classes = {
	};
	objectVersion = 56;
	objects = {

/* Begin PBXBuildFile section */
		D47273202A3DE58900E5C022 /* NotifierComponent.swift in Sources */ = {isa = PBXBuildFile; fileRef = D472731F2A3DE58900E5C022 /* NotifierComponent.swift */; };
		D47273222A3DE5DC00E5C022 /* Notifier.swift in Sources */ = {isa = PBXBuildFile; fileRef = D47273212A3DE5DC00E5C022 /* Notifier.swift */; };
		D47273242A3DE64D00E5C022 /* NotifierDecorator.swift in Sources */ = {isa = PBXBuildFile; fileRef = D47273232A3DE64D00E5C022 /* NotifierDecorator.swift */; };
		D47273262A3DE68500E5C022 /* EmailDecorator.swift in Sources */ = {isa = PBXBuildFile; fileRef = D47273252A3DE68500E5C022 /* EmailDecorator.swift */; };
		D47273282A3DE69A00E5C022 /* SlackDecorator.swift in Sources */ = {isa = PBXBuildFile; fileRef = D47273272A3DE69A00E5C022 /* SlackDecorator.swift */; };
		D472732F2A3DFC2900E5C022 /* main.swift in Sources */ = {isa = PBXBuildFile; fileRef = D472732E2A3DFC2900E5C022 /* main.swift */; };
/* End PBXBuildFile section */

/* Begin PBXContainerItemProxy section */
		D47273032A3DC8EA00E5C022 /* PBXContainerItemProxy */ = {
			isa = PBXContainerItemProxy;
			containerPortal = D47272E92A3DC8E900E5C022 /* Project object */;
			proxyType = 1;
			remoteGlobalIDString = D47272F02A3DC8E900E5C022;
			remoteInfo = DecoratorPattern;
		};
		D472730D2A3DC8EA00E5C022 /* PBXContainerItemProxy */ = {
			isa = PBXContainerItemProxy;
			containerPortal = D47272E92A3DC8E900E5C022 /* Project object */;
			proxyType = 1;
			remoteGlobalIDString = D47272F02A3DC8E900E5C022;
			remoteInfo = DecoratorPattern;
		};
/* End PBXContainerItemProxy section */

/* Begin PBXFileReference section */
		D47272F12A3DC8E900E5C022 /* DecoratorPattern.app */ = {isa = PBXFileReference; explicitFileType = wrapper.application; includeInIndex = 0; path = DecoratorPattern.app; sourceTree = BUILT_PRODUCTS_DIR; };
		D47273022A3DC8EA00E5C022 /* DecoratorPatternTests.xctest */ = {isa = PBXFileReference; explicitFileType = wrapper.cfbundle; includeInIndex = 0; path = DecoratorPatternTests.xctest; sourceTree = BUILT_PRODUCTS_DIR; };
		D472730C2A3DC8EA00E5C022 /* DecoratorPatternUITests.xctest */ = {isa = PBXFileReference; explicitFileType = wrapper.cfbundle; includeInIndex = 0; path = DecoratorPatternUITests.xctest; sourceTree = BUILT_PRODUCTS_DIR; };
		D472731F2A3DE58900E5C022 /* NotifierComponent.swift */ = {isa = PBXFileReference; lastKnownFileType = sourcecode.swift; path = NotifierComponent.swift; sourceTree = "<group>"; };
		D47273212A3DE5DC00E5C022 /* Notifier.swift */ = {isa = PBXFileReference; lastKnownFileType = sourcecode.swift; path = Notifier.swift; sourceTree = "<group>"; };
		D47273232A3DE64D00E5C022 /* NotifierDecorator.swift */ = {isa = PBXFileReference; lastKnownFileType = sourcecode.swift; path = NotifierDecorator.swift; sourceTree = "<group>"; };
		D47273252A3DE68500E5C022 /* EmailDecorator.swift */ = {isa = PBXFileReference; lastKnownFileType = sourcecode.swift; path = EmailDecorator.swift; sourceTree = "<group>"; };
		D47273272A3DE69A00E5C022 /* SlackDecorator.swift */ = {isa = PBXFileReference; lastKnownFileType = sourcecode.swift; path = SlackDecorator.swift; sourceTree = "<group>"; };
		D472732E2A3DFC2900E5C022 /* main.swift */ = {isa = PBXFileReference; lastKnownFileType = sourcecode.swift; path = main.swift; sourceTree = "<group>"; };
/* End PBXFileReference section */

/* Begin PBXFrameworksBuildPhase section */
		D47272EE2A3DC8E900E5C022 /* Frameworks */ = {
			isa = PBXFrameworksBuildPhase;
			buildActionMask = 2147483647;
			files = (
			);
			runOnlyForDeploymentPostprocessing = 0;
		};
		D47272FF2A3DC8EA00E5C022 /* Frameworks */ = {
			isa = PBXFrameworksBuildPhase;
			buildActionMask = 2147483647;
			files = (
			);
			runOnlyForDeploymentPostprocessing = 0;
		};
		D47273092A3DC8EA00E5C022 /* Frameworks */ = {
			isa = PBXFrameworksBuildPhase;
			buildActionMask = 2147483647;
			files = (
			);
			runOnlyForDeploymentPostprocessing = 0;
		};
/* End PBXFrameworksBuildPhase section */

/* Begin PBXGroup section */
		D47272E82A3DC8E900E5C022 = {
			isa = PBXGroup;
			children = (
				D47272F32A3DC8E900E5C022 /* DecoratorPattern */,
				D47272F22A3DC8E900E5C022 /* Products */,
			);
			sourceTree = "<group>";
		};
		D47272F22A3DC8E900E5C022 /* Products */ = {
			isa = PBXGroup;
			children = (
				D47272F12A3DC8E900E5C022 /* DecoratorPattern.app */,
				D47273022A3DC8EA00E5C022 /* DecoratorPatternTests.xctest */,
				D472730C2A3DC8EA00E5C022 /* DecoratorPatternUITests.xctest */,
			);
			name = Products;
			sourceTree = "<group>";
		};
		D47272F32A3DC8E900E5C022 /* DecoratorPattern */ = {
			isa = PBXGroup;
			children = (
				D472732A2A3DE7D200E5C022 /* Component */,
				D47273312A3DFC7C00E5C022 /* ConcreteComponent */,
				D472732B2A3DE7E500E5C022 /* Decorator */,
				D47273302A3DFC5A00E5C022 /* ConcreteDecorator */,
				D472732E2A3DFC2900E5C022 /* main.swift */,
			);
			path = DecoratorPattern;
			sourceTree = "<group>";
		};
		D472732A2A3DE7D200E5C022 /* Component */ = {
			isa = PBXGroup;
			children = (
				D472731F2A3DE58900E5C022 /* NotifierComponent.swift */,
			);
			path = Component;
			sourceTree = "<group>";
		};
		D472732B2A3DE7E500E5C022 /* Decorator */ = {
			isa = PBXGroup;
			children = (
				D47273232A3DE64D00E5C022 /* NotifierDecorator.swift */,
			);
			path = Decorator;
			sourceTree = "<group>";
		};
		D47273302A3DFC5A00E5C022 /* ConcreteDecorator */ = {
			isa = PBXGroup;
			children = (
				D47273252A3DE68500E5C022 /* EmailDecorator.swift */,
				D47273272A3DE69A00E5C022 /* SlackDecorator.swift */,
			);
			path = ConcreteDecorator;
			sourceTree = "<group>";
		};
		D47273312A3DFC7C00E5C022 /* ConcreteComponent */ = {
			isa = PBXGroup;
			children = (
				D47273212A3DE5DC00E5C022 /* Notifier.swift */,
			);
			path = ConcreteComponent;
			sourceTree = "<group>";
		};
/* End PBXGroup section */

/* Begin PBXNativeTarget section */
		D47272F02A3DC8E900E5C022 /* DecoratorPattern */ = {
			isa = PBXNativeTarget;
			buildConfigurationList = D47273162A3DC8EA00E5C022 /* Build configuration list for PBXNativeTarget "DecoratorPattern" */;
			buildPhases = (
				D47272ED2A3DC8E900E5C022 /* Sources */,
				D47272EE2A3DC8E900E5C022 /* Frameworks */,
				D47272EF2A3DC8E900E5C022 /* Resources */,
			);
			buildRules = (
			);
			dependencies = (
			);
			name = DecoratorPattern;
			productName = DecoratorPattern;
			productReference = D47272F12A3DC8E900E5C022 /* DecoratorPattern.app */;
			productType = "com.apple.product-type.application";
		};
		D47273012A3DC8EA00E5C022 /* DecoratorPatternTests */ = {
			isa = PBXNativeTarget;
			buildConfigurationList = D47273192A3DC8EA00E5C022 /* Build configuration list for PBXNativeTarget "DecoratorPatternTests" */;
			buildPhases = (
				D47272FE2A3DC8EA00E5C022 /* Sources */,
				D47272FF2A3DC8EA00E5C022 /* Frameworks */,
				D47273002A3DC8EA00E5C022 /* Resources */,
			);
			buildRules = (
			);
			dependencies = (
				D47273042A3DC8EA00E5C022 /* PBXTargetDependency */,
			);
			name = DecoratorPatternTests;
			productName = DecoratorPatternTests;
			productReference = D47273022A3DC8EA00E5C022 /* DecoratorPatternTests.xctest */;
			productType = "com.apple.product-type.bundle.unit-test";
		};
		D472730B2A3DC8EA00E5C022 /* DecoratorPatternUITests */ = {
			isa = PBXNativeTarget;
			buildConfigurationList = D472731C2A3DC8EA00E5C022 /* Build configuration list for PBXNativeTarget "DecoratorPatternUITests" */;
			buildPhases = (
				D47273082A3DC8EA00E5C022 /* Sources */,
				D47273092A3DC8EA00E5C022 /* Frameworks */,
				D472730A2A3DC8EA00E5C022 /* Resources */,
			);
			buildRules = (
			);
			dependencies = (
				D472730E2A3DC8EA00E5C022 /* PBXTargetDependency */,
			);
			name = DecoratorPatternUITests;
			productName = DecoratorPatternUITests;
			productReference = D472730C2A3DC8EA00E5C022 /* DecoratorPatternUITests.xctest */;
			productType = "com.apple.product-type.bundle.ui-testing";
		};
/* End PBXNativeTarget section */

/* Begin PBXProject section */
		D47272E92A3DC8E900E5C022 /* Project object */ = {
			isa = PBXProject;
			attributes = {
				BuildIndependentTargetsInParallel = 1;
				LastSwiftUpdateCheck = 1430;
				LastUpgradeCheck = 1430;
				TargetAttributes = {
					D47272F02A3DC8E900E5C022 = {
						CreatedOnToolsVersion = 14.3;
					};
					D47273012A3DC8EA00E5C022 = {
						CreatedOnToolsVersion = 14.3;
						TestTargetID = D47272F02A3DC8E900E5C022;
					};
					D472730B2A3DC8EA00E5C022 = {
						CreatedOnToolsVersion = 14.3;
						TestTargetID = D47272F02A3DC8E900E5C022;
					};
				};
			};
			buildConfigurationList = D47272EC2A3DC8E900E5C022 /* Build configuration list for PBXProject "DecoratorPattern" */;
			compatibilityVersion = "Xcode 14.0";
			developmentRegion = en;
			hasScannedForEncodings = 0;
			knownRegions = (
				en,
				Base,
			);
			mainGroup = D47272E82A3DC8E900E5C022;
			productRefGroup = D47272F22A3DC8E900E5C022 /* Products */;
			projectDirPath = "";
			projectRoot = "";
			targets = (
				D47272F02A3DC8E900E5C022 /* DecoratorPattern */,
				D47273012A3DC8EA00E5C022 /* DecoratorPatternTests */,
				D472730B2A3DC8EA00E5C022 /* DecoratorPatternUITests */,
			);
		};
/* End PBXProject section */

/* Begin PBXResourcesBuildPhase section */
		D47272EF2A3DC8E900E5C022 /* Resources */ = {
			isa = PBXResourcesBuildPhase;
			buildActionMask = 2147483647;
			files = (
			);
			runOnlyForDeploymentPostprocessing = 0;
		};
		D47273002A3DC8EA00E5C022 /* Resources */ = {
			isa = PBXResourcesBuildPhase;
			buildActionMask = 2147483647;
			files = (
			);
			runOnlyForDeploymentPostprocessing = 0;
		};
		D472730A2A3DC8EA00E5C022 /* Resources */ = {
			isa = PBXResourcesBuildPhase;
			buildActionMask = 2147483647;
			files = (
			);
			runOnlyForDeploymentPostprocessing = 0;
		};
/* End PBXResourcesBuildPhase section */

/* Begin PBXSourcesBuildPhase section */
		D47272ED2A3DC8E900E5C022 /* Sources */ = {
			isa = PBXSourcesBuildPhase;
			buildActionMask = 2147483647;
			files = (
				D47273222A3DE5DC00E5C022 /* Notifier.swift in Sources */,
				D472732F2A3DFC2900E5C022 /* main.swift in Sources */,
				D47273262A3DE68500E5C022 /* EmailDecorator.swift in Sources */,
				D47273242A3DE64D00E5C022 /* NotifierDecorator.swift in Sources */,
				D47273202A3DE58900E5C022 /* NotifierComponent.swift in Sources */,
				D47273282A3DE69A00E5C022 /* SlackDecorator.swift in Sources */,
			);
			runOnlyForDeploymentPostprocessing = 0;
		};
		D47272FE2A3DC8EA00E5C022 /* Sources */ = {
			isa = PBXSourcesBuildPhase;
			buildActionMask = 2147483647;
			files = (
			);
			runOnlyForDeploymentPostprocessing = 0;
		};
		D47273082A3DC8EA00E5C022 /* Sources */ = {
			isa = PBXSourcesBuildPhase;
			buildActionMask = 2147483647;
			files = (
			);
			runOnlyForDeploymentPostprocessing = 0;
		};
/* End PBXSourcesBuildPhase section */

/* Begin PBXTargetDependency section */
		D47273042A3DC8EA00E5C022 /* PBXTargetDependency */ = {
			isa = PBXTargetDependency;
			target = D47272F02A3DC8E900E5C022 /* DecoratorPattern */;
			targetProxy = D47273032A3DC8EA00E5C022 /* PBXContainerItemProxy */;
		};
		D472730E2A3DC8EA00E5C022 /* PBXTargetDependency */ = {
			isa = PBXTargetDependency;
			target = D47272F02A3DC8E900E5C022 /* DecoratorPattern */;
			targetProxy = D472730D2A3DC8EA00E5C022 /* PBXContainerItemProxy */;
		};
/* End PBXTargetDependency section */

/* Begin XCBuildConfiguration section */
		D47273142A3DC8EA00E5C022 /* Debug */ = {
			isa = XCBuildConfiguration;
			buildSettings = {
				ALWAYS_SEARCH_USER_PATHS = NO;
				CLANG_ANALYZER_NONNULL = YES;
				CLANG_ANALYZER_NUMBER_OBJECT_CONVERSION = YES_AGGRESSIVE;
				CLANG_CXX_LANGUAGE_STANDARD = "gnu++20";
				CLANG_ENABLE_MODULES = YES;
				CLANG_ENABLE_OBJC_ARC = YES;
				CLANG_ENABLE_OBJC_WEAK = YES;
				CLANG_WARN_BLOCK_CAPTURE_AUTORELEASING = YES;
				CLANG_WARN_BOOL_CONVERSION = YES;
				CLANG_WARN_COMMA = YES;
				CLANG_WARN_CONSTANT_CONVERSION = YES;
				CLANG_WARN_DEPRECATED_OBJC_IMPLEMENTATIONS = YES;
				CLANG_WARN_DIRECT_OBJC_ISA_USAGE = YES_ERROR;
				CLANG_WARN_DOCUMENTATION_COMMENTS = YES;
				CLANG_WARN_EMPTY_BODY = YES;
				CLANG_WARN_ENUM_CONVERSION = YES;
				CLANG_WARN_INFINITE_RECURSION = YES;
				CLANG_WARN_INT_CONVERSION = YES;
				CLANG_WARN_NON_LITERAL_NULL_CONVERSION = YES;
				CLANG_WARN_OBJC_IMPLICIT_RETAIN_SELF = YES;
				CLANG_WARN_OBJC_LITERAL_CONVERSION = YES;
				CLANG_WARN_OBJC_ROOT_CLASS = YES_ERROR;
				CLANG_WARN_QUOTED_INCLUDE_IN_FRAMEWORK_HEADER = YES;
				CLANG_WARN_RANGE_LOOP_ANALYSIS = YES;
				CLANG_WARN_STRICT_PROTOTYPES = YES;
				CLANG_WARN_SUSPICIOUS_MOVE = YES;
				CLANG_WARN_UNGUARDED_AVAILABILITY = YES_AGGRESSIVE;
				CLANG_WARN_UNREACHABLE_CODE = YES;
				CLANG_WARN__DUPLICATE_METHOD_MATCH = YES;
				COPY_PHASE_STRIP = NO;
				DEBUG_INFORMATION_FORMAT = dwarf;
				ENABLE_STRICT_OBJC_MSGSEND = YES;
				ENABLE_TESTABILITY = YES;
				GCC_C_LANGUAGE_STANDARD = gnu11;
				GCC_DYNAMIC_NO_PIC = NO;
				GCC_NO_COMMON_BLOCKS = YES;
				GCC_OPTIMIZATION_LEVEL = 0;
				GCC_PREPROCESSOR_DEFINITIONS = (
					"DEBUG=1",
					"$(inherited)",
				);
				GCC_WARN_64_TO_32_BIT_CONVERSION = YES;
				GCC_WARN_ABOUT_RETURN_TYPE = YES_ERROR;
				GCC_WARN_UNDECLARED_SELECTOR = YES;
				GCC_WARN_UNINITIALIZED_AUTOS = YES_AGGRESSIVE;
				GCC_WARN_UNUSED_FUNCTION = YES;
				GCC_WARN_UNUSED_VARIABLE = YES;
				MTL_ENABLE_DEBUG_INFO = INCLUDE_SOURCE;
				MTL_FAST_MATH = YES;
				ONLY_ACTIVE_ARCH = YES;
				SWIFT_ACTIVE_COMPILATION_CONDITIONS = DEBUG;
				SWIFT_OPTIMIZATION_LEVEL = "-Onone";
			};
			name = Debug;
		};
		D47273152A3DC8EA00E5C022 /* Release */ = {
			isa = XCBuildConfiguration;
			buildSettings = {
				ALWAYS_SEARCH_USER_PATHS = NO;
				CLANG_ANALYZER_NONNULL = YES;
				CLANG_ANALYZER_NUMBER_OBJECT_CONVERSION = YES_AGGRESSIVE;
				CLANG_CXX_LANGUAGE_STANDARD = "gnu++20";
				CLANG_ENABLE_MODULES = YES;
				CLANG_ENABLE_OBJC_ARC = YES;
				CLANG_ENABLE_OBJC_WEAK = YES;
				CLANG_WARN_BLOCK_CAPTURE_AUTORELEASING = YES;
				CLANG_WARN_BOOL_CONVERSION = YES;
				CLANG_WARN_COMMA = YES;
				CLANG_WARN_CONSTANT_CONVERSION = YES;
				CLANG_WARN_DEPRECATED_OBJC_IMPLEMENTATIONS = YES;
				CLANG_WARN_DIRECT_OBJC_ISA_USAGE = YES_ERROR;
				CLANG_WARN_DOCUMENTATION_COMMENTS = YES;
				CLANG_WARN_EMPTY_BODY = YES;
				CLANG_WARN_ENUM_CONVERSION = YES;
				CLANG_WARN_INFINITE_RECURSION = YES;
				CLANG_WARN_INT_CONVERSION = YES;
				CLANG_WARN_NON_LITERAL_NULL_CONVERSION = YES;
				CLANG_WARN_OBJC_IMPLICIT_RETAIN_SELF = YES;
				CLANG_WARN_OBJC_LITERAL_CONVERSION = YES;
				CLANG_WARN_OBJC_ROOT_CLASS = YES_ERROR;
				CLANG_WARN_QUOTED_INCLUDE_IN_FRAMEWORK_HEADER = YES;
				CLANG_WARN_RANGE_LOOP_ANALYSIS = YES;
				CLANG_WARN_STRICT_PROTOTYPES = YES;
				CLANG_WARN_SUSPICIOUS_MOVE = YES;
				CLANG_WARN_UNGUARDED_AVAILABILITY = YES_AGGRESSIVE;
				CLANG_WARN_UNREACHABLE_CODE = YES;
				CLANG_WARN__DUPLICATE_METHOD_MATCH = YES;
				COPY_PHASE_STRIP = NO;
				DEBUG_INFORMATION_FORMAT = "dwarf-with-dsym";
				ENABLE_NS_ASSERTIONS = NO;
				ENABLE_STRICT_OBJC_MSGSEND = YES;
				GCC_C_LANGUAGE_STANDARD = gnu11;
				GCC_NO_COMMON_BLOCKS = YES;
				GCC_WARN_64_TO_32_BIT_CONVERSION = YES;
				GCC_WARN_ABOUT_RETURN_TYPE = YES_ERROR;
				GCC_WARN_UNDECLARED_SELECTOR = YES;
				GCC_WARN_UNINITIALIZED_AUTOS = YES_AGGRESSIVE;
				GCC_WARN_UNUSED_FUNCTION = YES;
				GCC_WARN_UNUSED_VARIABLE = YES;
				MTL_ENABLE_DEBUG_INFO = NO;
				MTL_FAST_MATH = YES;
				SWIFT_COMPILATION_MODE = wholemodule;
				SWIFT_OPTIMIZATION_LEVEL = "-O";
			};
			name = Release;
		};
		D47273172A3DC8EA00E5C022 /* Debug */ = {
			isa = XCBuildConfiguration;
			buildSettings = {
				ASSETCATALOG_COMPILER_APPICON_NAME = AppIcon;
				ASSETCATALOG_COMPILER_GLOBAL_ACCENT_COLOR_NAME = AccentColor;
				CODE_SIGN_ENTITLEMENTS = DecoratorPattern/DecoratorPattern.entitlements;
				CODE_SIGN_STYLE = Automatic;
				CURRENT_PROJECT_VERSION = 1;
				DEVELOPMENT_ASSET_PATHS = "\"DecoratorPattern/Preview Content\"";
				DEVELOPMENT_TEAM = 23DK26FW4N;
				ENABLE_HARDENED_RUNTIME = YES;
				ENABLE_PREVIEWS = YES;
				GENERATE_INFOPLIST_FILE = YES;
				"INFOPLIST_KEY_UIApplicationSceneManifest_Generation[sdk=iphoneos*]" = YES;
				"INFOPLIST_KEY_UIApplicationSceneManifest_Generation[sdk=iphonesimulator*]" = YES;
				"INFOPLIST_KEY_UIApplicationSupportsIndirectInputEvents[sdk=iphoneos*]" = YES;
				"INFOPLIST_KEY_UIApplicationSupportsIndirectInputEvents[sdk=iphonesimulator*]" = YES;
				"INFOPLIST_KEY_UILaunchScreen_Generation[sdk=iphoneos*]" = YES;
				"INFOPLIST_KEY_UILaunchScreen_Generation[sdk=iphonesimulator*]" = YES;
				"INFOPLIST_KEY_UIStatusBarStyle[sdk=iphoneos*]" = UIStatusBarStyleDefault;
				"INFOPLIST_KEY_UIStatusBarStyle[sdk=iphonesimulator*]" = UIStatusBarStyleDefault;
				INFOPLIST_KEY_UISupportedInterfaceOrientations_iPad = "UIInterfaceOrientationPortrait UIInterfaceOrientationPortraitUpsideDown UIInterfaceOrientationLandscapeLeft UIInterfaceOrientationLandscapeRight";
				INFOPLIST_KEY_UISupportedInterfaceOrientations_iPhone = "UIInterfaceOrientationPortrait UIInterfaceOrientationLandscapeLeft UIInterfaceOrientationLandscapeRight";
				IPHONEOS_DEPLOYMENT_TARGET = 16.4;
				LD_RUNPATH_SEARCH_PATHS = "@executable_path/Frameworks";
				"LD_RUNPATH_SEARCH_PATHS[sdk=macosx*]" = "@executable_path/../Frameworks";
				MACOSX_DEPLOYMENT_TARGET = 13.2;
				MARKETING_VERSION = 1.0;
				PRODUCT_BUNDLE_IDENTIFIER = com.chojaegwon.DecoratorPattern;
				PRODUCT_NAME = "$(TARGET_NAME)";
				SDKROOT = auto;
				SUPPORTED_PLATFORMS = "iphoneos iphonesimulator macosx";
				SWIFT_EMIT_LOC_STRINGS = YES;
				SWIFT_VERSION = 5.0;
				TARGETED_DEVICE_FAMILY = "1,2";
			};
			name = Debug;
		};
		D47273182A3DC8EA00E5C022 /* Release */ = {
			isa = XCBuildConfiguration;
			buildSettings = {
				ASSETCATALOG_COMPILER_APPICON_NAME = AppIcon;
				ASSETCATALOG_COMPILER_GLOBAL_ACCENT_COLOR_NAME = AccentColor;
				CODE_SIGN_ENTITLEMENTS = DecoratorPattern/DecoratorPattern.entitlements;
				CODE_SIGN_STYLE = Automatic;
				CURRENT_PROJECT_VERSION = 1;
				DEVELOPMENT_ASSET_PATHS = "\"DecoratorPattern/Preview Content\"";
				DEVELOPMENT_TEAM = 23DK26FW4N;
				ENABLE_HARDENED_RUNTIME = YES;
				ENABLE_PREVIEWS = YES;
				GENERATE_INFOPLIST_FILE = YES;
				"INFOPLIST_KEY_UIApplicationSceneManifest_Generation[sdk=iphoneos*]" = YES;
				"INFOPLIST_KEY_UIApplicationSceneManifest_Generation[sdk=iphonesimulator*]" = YES;
				"INFOPLIST_KEY_UIApplicationSupportsIndirectInputEvents[sdk=iphoneos*]" = YES;
				"INFOPLIST_KEY_UIApplicationSupportsIndirectInputEvents[sdk=iphonesimulator*]" = YES;
				"INFOPLIST_KEY_UILaunchScreen_Generation[sdk=iphoneos*]" = YES;
				"INFOPLIST_KEY_UILaunchScreen_Generation[sdk=iphonesimulator*]" = YES;
				"INFOPLIST_KEY_UIStatusBarStyle[sdk=iphoneos*]" = UIStatusBarStyleDefault;
				"INFOPLIST_KEY_UIStatusBarStyle[sdk=iphonesimulator*]" = UIStatusBarStyleDefault;
				INFOPLIST_KEY_UISupportedInterfaceOrientations_iPad = "UIInterfaceOrientationPortrait UIInterfaceOrientationPortraitUpsideDown UIInterfaceOrientationLandscapeLeft UIInterfaceOrientationLandscapeRight";
				INFOPLIST_KEY_UISupportedInterfaceOrientations_iPhone = "UIInterfaceOrientationPortrait UIInterfaceOrientationLandscapeLeft UIInterfaceOrientationLandscapeRight";
				IPHONEOS_DEPLOYMENT_TARGET = 16.4;
				LD_RUNPATH_SEARCH_PATHS = "@executable_path/Frameworks";
				"LD_RUNPATH_SEARCH_PATHS[sdk=macosx*]" = "@executable_path/../Frameworks";
				MACOSX_DEPLOYMENT_TARGET = 13.2;
				MARKETING_VERSION = 1.0;
				PRODUCT_BUNDLE_IDENTIFIER = com.chojaegwon.DecoratorPattern;
				PRODUCT_NAME = "$(TARGET_NAME)";
				SDKROOT = auto;
				SUPPORTED_PLATFORMS = "iphoneos iphonesimulator macosx";
				SWIFT_EMIT_LOC_STRINGS = YES;
				SWIFT_VERSION = 5.0;
				TARGETED_DEVICE_FAMILY = "1,2";
			};
			name = Release;
		};
		D472731A2A3DC8EA00E5C022 /* Debug */ = {
			isa = XCBuildConfiguration;
			buildSettings = {
				ALWAYS_EMBED_SWIFT_STANDARD_LIBRARIES = YES;
				BUNDLE_LOADER = "$(TEST_HOST)";
				CODE_SIGN_STYLE = Automatic;
				CURRENT_PROJECT_VERSION = 1;
				DEVELOPMENT_TEAM = 23DK26FW4N;
				GENERATE_INFOPLIST_FILE = YES;
				IPHONEOS_DEPLOYMENT_TARGET = 16.4;
				MACOSX_DEPLOYMENT_TARGET = 13.2;
				MARKETING_VERSION = 1.0;
				PRODUCT_BUNDLE_IDENTIFIER = com.chojaegwon.DecoratorPatternTests;
				PRODUCT_NAME = "$(TARGET_NAME)";
				SDKROOT = auto;
				SUPPORTED_PLATFORMS = "iphoneos iphonesimulator macosx";
				SWIFT_EMIT_LOC_STRINGS = NO;
				SWIFT_VERSION = 5.0;
				TARGETED_DEVICE_FAMILY = "1,2";
				TEST_HOST = "$(BUILT_PRODUCTS_DIR)/DecoratorPattern.app/$(BUNDLE_EXECUTABLE_FOLDER_PATH)/DecoratorPattern";
			};
			name = Debug;
		};
		D472731B2A3DC8EA00E5C022 /* Release */ = {
			isa = XCBuildConfiguration;
			buildSettings = {
				ALWAYS_EMBED_SWIFT_STANDARD_LIBRARIES = YES;
				BUNDLE_LOADER = "$(TEST_HOST)";
				CODE_SIGN_STYLE = Automatic;
				CURRENT_PROJECT_VERSION = 1;
				DEVELOPMENT_TEAM = 23DK26FW4N;
				GENERATE_INFOPLIST_FILE = YES;
				IPHONEOS_DEPLOYMENT_TARGET = 16.4;
				MACOSX_DEPLOYMENT_TARGET = 13.2;
				MARKETING_VERSION = 1.0;
				PRODUCT_BUNDLE_IDENTIFIER = com.chojaegwon.DecoratorPatternTests;
				PRODUCT_NAME = "$(TARGET_NAME)";
				SDKROOT = auto;
				SUPPORTED_PLATFORMS = "iphoneos iphonesimulator macosx";
				SWIFT_EMIT_LOC_STRINGS = NO;
				SWIFT_VERSION = 5.0;
				TARGETED_DEVICE_FAMILY = "1,2";
				TEST_HOST = "$(BUILT_PRODUCTS_DIR)/DecoratorPattern.app/$(BUNDLE_EXECUTABLE_FOLDER_PATH)/DecoratorPattern";
			};
			name = Release;
		};
		D472731D2A3DC8EA00E5C022 /* Debug */ = {
			isa = XCBuildConfiguration;
			buildSettings = {
				ALWAYS_EMBED_SWIFT_STANDARD_LIBRARIES = YES;
				CODE_SIGN_STYLE = Automatic;
				CURRENT_PROJECT_VERSION = 1;
				DEVELOPMENT_TEAM = 23DK26FW4N;
				GENERATE_INFOPLIST_FILE = YES;
				IPHONEOS_DEPLOYMENT_TARGET = 16.4;
				MACOSX_DEPLOYMENT_TARGET = 13.2;
				MARKETING_VERSION = 1.0;
				PRODUCT_BUNDLE_IDENTIFIER = com.chojaegwon.DecoratorPatternUITests;
				PRODUCT_NAME = "$(TARGET_NAME)";
				SDKROOT = auto;
				SUPPORTED_PLATFORMS = "iphoneos iphonesimulator macosx";
				SWIFT_EMIT_LOC_STRINGS = NO;
				SWIFT_VERSION = 5.0;
				TARGETED_DEVICE_FAMILY = "1,2";
				TEST_TARGET_NAME = DecoratorPattern;
			};
			name = Debug;
		};
		D472731E2A3DC8EA00E5C022 /* Release */ = {
			isa = XCBuildConfiguration;
			buildSettings = {
				ALWAYS_EMBED_SWIFT_STANDARD_LIBRARIES = YES;
				CODE_SIGN_STYLE = Automatic;
				CURRENT_PROJECT_VERSION = 1;
				DEVELOPMENT_TEAM = 23DK26FW4N;
				GENERATE_INFOPLIST_FILE = YES;
				IPHONEOS_DEPLOYMENT_TARGET = 16.4;
				MACOSX_DEPLOYMENT_TARGET = 13.2;
				MARKETING_VERSION = 1.0;
				PRODUCT_BUNDLE_IDENTIFIER = com.chojaegwon.DecoratorPatternUITests;
				PRODUCT_NAME = "$(TARGET_NAME)";
				SDKROOT = auto;
				SUPPORTED_PLATFORMS = "iphoneos iphonesimulator macosx";
				SWIFT_EMIT_LOC_STRINGS = NO;
				SWIFT_VERSION = 5.0;
				TARGETED_DEVICE_FAMILY = "1,2";
				TEST_TARGET_NAME = DecoratorPattern;
			};
			name = Release;
		};
/* End XCBuildConfiguration section */

/* Begin XCConfigurationList section */
		D47272EC2A3DC8E900E5C022 /* Build configuration list for PBXProject "DecoratorPattern" */ = {
			isa = XCConfigurationList;
			buildConfigurations = (
				D47273142A3DC8EA00E5C022 /* Debug */,
				D47273152A3DC8EA00E5C022 /* Release */,
			);
			defaultConfigurationIsVisible = 0;
			defaultConfigurationName = Release;
		};
		D47273162A3DC8EA00E5C022 /* Build configuration list for PBXNativeTarget "DecoratorPattern" */ = {
			isa = XCConfigurationList;
			buildConfigurations = (
				D47273172A3DC8EA00E5C022 /* Debug */,
				D47273182A3DC8EA00E5C022 /* Release */,
			);
			defaultConfigurationIsVisible = 0;
			defaultConfigurationName = Release;
		};
		D47273192A3DC8EA00E5C022 /* Build configuration list for PBXNativeTarget "DecoratorPatternTests" */ = {
			isa = XCConfigurationList;
			buildConfigurations = (
				D472731A2A3DC8EA00E5C022 /* Debug */,
				D472731B2A3DC8EA00E5C022 /* Release */,
			);
			defaultConfigurationIsVisible = 0;
			defaultConfigurationName = Release;
		};
		D472731C2A3DC8EA00E5C022 /* Build configuration list for PBXNativeTarget "DecoratorPatternUITests" */ = {
			isa = XCConfigurationList;
			buildConfigurations = (
				D472731D2A3DC8EA00E5C022 /* Debug */,
				D472731E2A3DC8EA00E5C022 /* Release */,
			);
			defaultConfigurationIsVisible = 0;
			defaultConfigurationName = Release;
		};
/* End XCConfigurationList section */
	};
	rootObject = D47272E92A3DC8E900E5C022 /* Project object */;
}
